
Microsoft Visual Studio Solution File, Format Version 12.00
# Visual Studio Version 17
VisualStudioVersion = 17.10.35122.118
MinimumVisualStudioVersion = 10.0.40219.1
Project("{FAE04EC0-301F-11D3-BF4B-00C04F79EFBC}") = "EmployeeAdminPortal", "EmployeeAdminPortal\EmployeeAdminPortal.csproj", "{434114B6-E4FA-4D2D-9DBF-3093A57B202B}"
EndProject
Global
	GlobalSection(SolutionConfigurationPlatforms) = preSolution
		Debug|Any CPU = Debug|Any CPU
		Release|Any CPU = Release|Any CPU
	EndGlobalSection
	GlobalSection(ProjectConfigurationPlatforms) = postSolution
		{434114B6-E4FA-4D2D-9DBF-3093A57B202B}.Debug|Any CPU.ActiveCfg = Debug|Any CPU
		{434114B6-E4FA-4D2D-9DBF-3093A57B202B}.Debug|Any CPU.Build.0 = Debug|Any CPU
		{434114B6-E4FA-4D2D-9DBF-3093A57B202B}.Release|Any CPU.ActiveCfg = Release|Any CPU
		{434114B6-E4FA-4D2D-9DBF-3093A57B202B}.Release|Any CPU.Build.0 = Release|Any CPU
	EndGlobalSection
	GlobalSection(SolutionProperties) = preSolution
		HideSolutionNode = FALSE
	EndGlobalSection
	GlobalSection(ExtensibilityGlobals) = postSolution
		SolutionGuid = {D8F57B58-35DC-4693-8A1C-AC99492DDBBC}
	EndGlobalSection
EndGlobal
